
Microsoft Visual Studio Solution File, Format Version 12.00
# Visual Studio 2012
Project("{FAE04EC0-301F-11D3-BF4B-00C04F79EFBC}") = "Edreamer.Framework", "Edreamer.Framework\Edreamer.Framework.csproj", "{A38E006A-C017-4CE4-8274-C9F6DD077175}"
EndProject
Project("{FAE04EC0-301F-11D3-BF4B-00C04F79EFBC}") = "Edreamer.Framework.Test", "Edreamer.Framework.Test\Edreamer.Framework.Test.csproj", "{51F26A74-BC43-4DE8-A501-C01923DF51D9}"
EndProject
Global
	GlobalSection(SolutionConfigurationPlatforms) = preSolution
		Debug|Any CPU = Debug|Any CPU
		Release|Any CPU = Release|Any CPU
	EndGlobalSection
	GlobalSection(ProjectConfigurationPlatforms) = postSolution
		{A38E006A-C017-4CE4-8274-C9F6DD077175}.Debug|Any CPU.ActiveCfg = Debug|Any CPU
		{A38E006A-C017-4CE4-8274-C9F6DD077175}.Debug|Any CPU.Build.0 = Debug|Any CPU
		{A38E006A-C017-4CE4-8274-C9F6DD077175}.Release|Any CPU.ActiveCfg = Release|Any CPU
		{A38E006A-C017-4CE4-8274-C9F6DD077175}.Release|Any CPU.Build.0 = Release|Any CPU
		{51F26A74-BC43-4DE8-A501-C01923DF51D9}.Debug|Any CPU.ActiveCfg = Debug|Any CPU
		{51F26A74-BC43-4DE8-A501-C01923DF51D9}.Debug|Any CPU.Build.0 = Debug|Any CPU
		{51F26A74-BC43-4DE8-A501-C01923DF51D9}.Release|Any CPU.ActiveCfg = Release|Any CPU
		{51F26A74-BC43-4DE8-A501-C01923DF51D9}.Release|Any CPU.Build.0 = Release|Any CPU
	EndGlobalSection
	GlobalSection(SolutionProperties) = preSolution
		HideSolutionNode = FALSE
	EndGlobalSection
EndGlobal
